
Microsoft Visual Studio Solution File, Format Version 12.00
# Visual Studio 15
VisualStudioVersion = 15.0.27428.2027
MinimumVisualStudioVersion = 10.0.40219.1
Project("{FAE04EC0-301F-11D3-BF4B-00C04F79EFBC}") = "SmartHotel.Android", "SmartHotel\SmartHotel.Android\SmartHotel.Android.csproj", "{3A5BC297-EC09-497C-94F3-41A8C526194E}"
EndProject
Project("{FAE04EC0-301F-11D3-BF4B-00C04F79EFBC}") = "SmartHotel.iOS", "SmartHotel\SmartHotel.iOS\SmartHotel.iOS.csproj", "{66D079B5-D512-41A7-A9C4-153C3E38C366}"
EndProject
Project("{FAE04EC0-301F-11D3-BF4B-00C04F79EFBC}") = "SmartHotel.UWP", "SmartHotel\SmartHotel.UWP\SmartHotel.UWP.csproj", "{6E934B94-D7E0-4FF1-8916-BB6DE0054F61}"
EndProject
Project("{9A19103F-16F7-4668-BE54-9A1E7A4F7556}") = "SmartHotel", "SmartHotel\SmartHotel\SmartHotel.csproj", "{9E5476A0-E4C1-4414-9B0E-9E20BCD9ADB7}"
EndProject
Global
	GlobalSection(SolutionConfigurationPlatforms) = preSolution
		Ad-Hoc|Any CPU = Ad-Hoc|Any CPU
		Ad-Hoc|ARM = Ad-Hoc|ARM
		Ad-Hoc|iPhone = Ad-Hoc|iPhone
		Ad-Hoc|iPhoneSimulator = Ad-Hoc|iPhoneSimulator
		Ad-Hoc|x64 = Ad-Hoc|x64
		Ad-Hoc|x86 = Ad-Hoc|x86
		AppStore|Any CPU = AppStore|Any CPU
		AppStore|ARM = AppStore|ARM
		AppStore|iPhone = AppStore|iPhone
		AppStore|iPhoneSimulator = AppStore|iPhoneSimulator
		AppStore|x64 = AppStore|x64
		AppStore|x86 = AppStore|x86
		Debug|Any CPU = Debug|Any CPU
		Debug|ARM = Debug|ARM
		Debug|iPhone = Debug|iPhone
		Debug|iPhoneSimulator = Debug|iPhoneSimulator
		Debug|x64 = Debug|x64
		Debug|x86 = Debug|x86
		Release|Any CPU = Release|Any CPU
		Release|ARM = Release|ARM
		Release|iPhone = Release|iPhone
		Release|iPhoneSimulator = Release|iPhoneSimulator
		Release|x64 = Release|x64
		Release|x86 = Release|x86
	EndGlobalSection
	GlobalSection(ProjectConfigurationPlatforms) = postSolution
		{3A5BC297-EC09-497C-94F3-41A8C526194E}.Ad-Hoc|Any CPU.ActiveCfg = Release|Any CPU
		{3A5BC297-EC09-497C-94F3-41A8C526194E}.Ad-Hoc|Any CPU.Build.0 = Release|Any CPU
		{3A5BC297-EC09-497C-94F3-41A8C526194E}.Ad-Hoc|Any CPU.Deploy.0 = Release|Any CPU
		{3A5BC297-EC09-497C-94F3-41A8C526194E}.Ad-Hoc|ARM.ActiveCfg = Release|Any CPU
		{3A5BC297-EC09-497C-94F3-41A8C526194E}.Ad-Hoc|ARM.Build.0 = Release|Any CPU
		{3A5BC297-EC09-497C-94F3-41A8C526194E}.Ad-Hoc|ARM.Deploy.0 = Release|Any CPU
		{3A5BC297-EC09-497C-94F3-41A8C526194E}.Ad-Hoc|iPhone.ActiveCfg = Release|Any CPU
		{3A5BC297-EC09-497C-94F3-41A8C526194E}.Ad-Hoc|iPhone.Build.0 = Release|Any CPU
		{3A5BC297-EC09-497C-94F3-41A8C526194E}.Ad-Hoc|iPhone.Deploy.0 = Release|Any CPU
		{3A5BC297-EC09-497C-94F3-41A8C526194E}.Ad-Hoc|iPhoneSimulator.ActiveCfg = Release|Any CPU
		{3A5BC297-EC09-497C-94F3-41A8C526194E}.Ad-Hoc|iPhoneSimulator.Build.0 = Release|Any CPU
		{3A5BC297-EC09-497C-94F3-41A8C526194E}.Ad-Hoc|iPhoneSimulator.Deploy.0 = Release|Any CPU
		{3A5BC297-EC09-497C-94F3-41A8C526194E}.Ad-Hoc|x64.ActiveCfg = Release|Any CPU
		{3A5BC297-EC09-497C-94F3-41A8C526194E}.Ad-Hoc|x64.Build.0 = Release|Any CPU
		{3A5BC297-EC09-497C-94F3-41A8C526194E}.Ad-Hoc|x64.Deploy.0 = Release|Any CPU
		{3A5BC297-EC09-497C-94F3-41A8C526194E}.Ad-Hoc|x86.ActiveCfg = Release|Any CPU
		{3A5BC297-EC09-497C-94F3-41A8C526194E}.Ad-Hoc|x86.Build.0 = Release|Any CPU
		{3A5BC297-EC09-497C-94F3-41A8C526194E}.Ad-Hoc|x86.Deploy.0 = Release|Any CPU
		{3A5BC297-EC09-497C-94F3-41A8C526194E}.AppStore|Any CPU.ActiveCfg = Release|Any CPU
		{3A5BC297-EC09-497C-94F3-41A8C526194E}.AppStore|Any CPU.Build.0 = Release|Any CPU
		{3A5BC297-EC09-497C-94F3-41A8C526194E}.AppStore|Any CPU.Deploy.0 = Release|Any CPU
		{3A5BC297-EC09-497C-94F3-41A8C526194E}.AppStore|ARM.ActiveCfg = Release|Any CPU
		{3A5BC297-EC09-497C-94F3-41A8C526194E}.AppStore|ARM.Build.0 = Release|Any CPU
		{3A5BC297-EC09-497C-94F3-41A8C526194E}.AppStore|ARM.Deploy.0 = Release|Any CPU
		{3A5BC297-EC09-497C-94F3-41A8C526194E}.AppStore|iPhone.ActiveCfg = Release|Any CPU
		{3A5BC297-EC09-497C-94F3-41A8C526194E}.AppStore|iPhone.Build.0 = Release|Any CPU
		{3A5BC297-EC09-497C-94F3-41A8C526194E}.AppStore|iPhone.Deploy.0 = Release|Any CPU
		{3A5BC297-EC09-497C-94F3-41A8C526194E}.AppStore|iPhoneSimulator.ActiveCfg = Release|Any CPU
		{3A5BC297-EC09-497C-94F3-41A8C526194E}.AppStore|iPhoneSimulator.Build.0 = Release|Any CPU
		{3A5BC297-EC09-497C-94F3-41A8C526194E}.AppStore|iPhoneSimulator.Deploy.0 = Release|Any CPU
		{3A5BC297-EC09-497C-94F3-41A8C526194E}.AppStore|x64.ActiveCfg = Release|Any CPU
		{3A5BC297-EC09-497C-94F3-41A8C526194E}.AppStore|x64.Build.0 = Release|Any CPU
		{3A5BC297-EC09-497C-94F3-41A8C526194E}.AppStore|x64.Deploy.0 = Release|Any CPU
		{3A5BC297-EC09-497C-94F3-41A8C526194E}.AppStore|x86.ActiveCfg = Release|Any CPU
		{3A5BC297-EC09-497C-94F3-41A8C526194E}.AppStore|x86.Build.0 = Release|Any CPU
		{3A5BC297-EC09-497C-94F3-41A8C526194E}.AppStore|x86.Deploy.0 = Release|Any CPU
		{3A5BC297-EC09-497C-94F3-41A8C526194E}.Debug|Any CPU.ActiveCfg = Debug|Any CPU
		{3A5BC297-EC09-497C-94F3-41A8C526194E}.Debug|Any CPU.Build.0 = Debug|Any CPU
		{3A5BC297-EC09-497C-94F3-41A8C526194E}.Debug|Any CPU.Deploy.0 = Debug|Any CPU
		{3A5BC297-EC09-497C-94F3-41A8C526194E}.Debug|ARM.ActiveCfg = Debug|Any CPU
		{3A5BC297-EC09-497C-94F3-41A8C526194E}.Debug|ARM.Build.0 = Debug|Any CPU
		{3A5BC297-EC09-497C-94F3-41A8C526194E}.Debug|ARM.Deploy.0 = Debug|Any CPU
		{3A5BC297-EC09-497C-94F3-41A8C526194E}.Debug|iPhone.ActiveCfg = Debug|Any CPU
		{3A5BC297-EC09-497C-94F3-41A8C526194E}.Debug|iPhone.Build.0 = Debug|Any CPU
		{3A5BC297-EC09-497C-94F3-41A8C526194E}.Debug|iPhone.Deploy.0 = Debug|Any CPU
		{3A5BC297-EC09-497C-94F3-41A8C526194E}.Debug|iPhoneSimulator.ActiveCfg = Debug|Any CPU
		{3A5BC297-EC09-497C-94F3-41A8C526194E}.Debug|iPhoneSimulator.Build.0 = Debug|Any CPU
		{3A5BC297-EC09-497C-94F3-41A8C526194E}.Debug|iPhoneSimulator.Deploy.0 = Debug|Any CPU
		{3A5BC297-EC09-497C-94F3-41A8C526194E}.Debug|x64.ActiveCfg = Debug|Any CPU
		{3A5BC297-EC09-497C-94F3-41A8C526194E}.Debug|x64.Build.0 = Debug|Any CPU
		{3A5BC297-EC09-497C-94F3-41A8C526194E}.Debug|x64.Deploy.0 = Debug|Any CPU
		{3A5BC297-EC09-497C-94F3-41A8C526194E}.Debug|x86.ActiveCfg = Debug|Any CPU
		{3A5BC297-EC09-497C-94F3-41A8C526194E}.Debug|x86.Build.0 = Debug|Any CPU
		{3A5BC297-EC09-497C-94F3-41A8C526194E}.Debug|x86.Deploy.0 = Debug|Any CPU
		{3A5BC297-EC09-497C-94F3-41A8C526194E}.Release|Any CPU.ActiveCfg = Release|Any CPU
		{3A5BC297-EC09-497C-94F3-41A8C526194E}.Release|Any CPU.Build.0 = Release|Any CPU
		{3A5BC297-EC09-497C-94F3-41A8C526194E}.Release|Any CPU.Deploy.0 = Release|Any CPU
		{3A5BC297-EC09-497C-94F3-41A8C526194E}.Release|ARM.ActiveCfg = Release|Any CPU
		{3A5BC297-EC09-497C-94F3-41A8C526194E}.Release|ARM.Build.0 = Release|Any CPU
		{3A5BC297-EC09-497C-94F3-41A8C526194E}.Release|ARM.Deploy.0 = Release|Any CPU
		{3A5BC297-EC09-497C-94F3-41A8C526194E}.Release|iPhone.ActiveCfg = Release|Any CPU
		{3A5BC297-EC09-497C-94F3-41A8C526194E}.Release|iPhone.Build.0 = Release|Any CPU
		{3A5BC297-EC09-497C-94F3-41A8C526194E}.Release|iPhone.Deploy.0 = Release|Any CPU
		{3A5BC297-EC09-497C-94F3-41A8C526194E}.Release|iPhoneSimulator.ActiveCfg = Release|Any CPU
		{3A5BC297-EC09-497C-94F3-41A8C526194E}.Release|iPhoneSimulator.Build.0 = Release|Any CPU
		{3A5BC297-EC09-497C-94F3-41A8C526194E}.Release|iPhoneSimulator.Deploy.0 = Release|Any CPU
		{3A5BC297-EC09-497C-94F3-41A8C526194E}.Release|x64.ActiveCfg = Release|Any CPU
		{3A5BC297-EC09-497C-94F3-41A8C526194E}.Release|x64.Build.0 = Release|Any CPU
		{3A5BC297-EC09-497C-94F3-41A8C526194E}.Release|x64.Deploy.0 = Release|Any CPU
		{3A5BC297-EC09-497C-94F3-41A8C526194E}.Release|x86.ActiveCfg = Release|Any CPU
		{3A5BC297-EC09-497C-94F3-41A8C526194E}.Release|x86.Build.0 = Release|Any CPU
		{3A5BC297-EC09-497C-94F3-41A8C526194E}.Release|x86.Deploy.0 = Release|Any CPU
		{66D079B5-D512-41A7-A9C4-153C3E38C366}.Ad-Hoc|Any CPU.ActiveCfg = Ad-Hoc|iPhone
		{66D079B5-D512-41A7-A9C4-153C3E38C366}.Ad-Hoc|ARM.ActiveCfg = Ad-Hoc|iPhone
		{66D079B5-D512-41A7-A9C4-153C3E38C366}.Ad-Hoc|iPhone.ActiveCfg = Ad-Hoc|iPhone
		{66D079B5-D512-41A7-A9C4-153C3E38C366}.Ad-Hoc|iPhone.Build.0 = Ad-Hoc|iPhone
		{66D079B5-D512-41A7-A9C4-153C3E38C366}.Ad-Hoc|iPhoneSimulator.ActiveCfg = Ad-Hoc|iPhoneSimulator
		{66D079B5-D512-41A7-A9C4-153C3E38C366}.Ad-Hoc|iPhoneSimulator.Build.0 = Ad-Hoc|iPhoneSimulator
		{66D079B5-D512-41A7-A9C4-153C3E38C366}.Ad-Hoc|x64.ActiveCfg = Ad-Hoc|iPhone
		{66D079B5-D512-41A7-A9C4-153C3E38C366}.Ad-Hoc|x86.ActiveCfg = Ad-Hoc|iPhone
		{66D079B5-D512-41A7-A9C4-153C3E38C366}.AppStore|Any CPU.ActiveCfg = AppStore|iPhone
		{66D079B5-D512-41A7-A9C4-153C3E38C366}.AppStore|ARM.ActiveCfg = AppStore|iPhone
		{66D079B5-D512-41A7-A9C4-153C3E38C366}.AppStore|iPhone.ActiveCfg = AppStore|iPhone
		{66D079B5-D512-41A7-A9C4-153C3E38C366}.AppStore|iPhone.Build.0 = AppStore|iPhone
		{66D079B5-D512-41A7-A9C4-153C3E38C366}.AppStore|iPhoneSimulator.ActiveCfg = AppStore|iPhoneSimulator
		{66D079B5-D512-41A7-A9C4-153C3E38C366}.AppStore|iPhoneSimulator.Build.0 = AppStore|iPhoneSimulator
		{66D079B5-D512-41A7-A9C4-153C3E38C366}.AppStore|x64.ActiveCfg = AppStore|iPhone
		{66D079B5-D512-41A7-A9C4-153C3E38C366}.AppStore|x86.ActiveCfg = AppStore|iPhone
		{66D079B5-D512-41A7-A9C4-153C3E38C366}.Debug|Any CPU.ActiveCfg = Debug|iPhone
		{66D079B5-D512-41A7-A9C4-153C3E38C366}.Debug|ARM.ActiveCfg = Debug|iPhone
		{66D079B5-D512-41A7-A9C4-153C3E38C366}.Debug|iPhone.ActiveCfg = Debug|iPhone
		{66D079B5-D512-41A7-A9C4-153C3E38C366}.Debug|iPhone.Build.0 = Debug|iPhone
		{66D079B5-D512-41A7-A9C4-153C3E38C366}.Debug|iPhoneSimulator.ActiveCfg = Debug|iPhoneSimulator
		{66D079B5-D512-41A7-A9C4-153C3E38C366}.Debug|iPhoneSimulator.Build.0 = Debug|iPhoneSimulator
		{66D079B5-D512-41A7-A9C4-153C3E38C366}.Debug|x64.ActiveCfg = Debug|iPhone
		{66D079B5-D512-41A7-A9C4-153C3E38C366}.Debug|x86.ActiveCfg = Debug|iPhone
		{66D079B5-D512-41A7-A9C4-153C3E38C366}.Release|Any CPU.ActiveCfg = Release|iPhone
		{66D079B5-D512-41A7-A9C4-153C3E38C366}.Release|ARM.ActiveCfg = Release|iPhone
		{66D079B5-D512-41A7-A9C4-153C3E38C366}.Release|iPhone.ActiveCfg = Release|iPhone
		{66D079B5-D512-41A7-A9C4-153C3E38C366}.Release|iPhone.Build.0 = Release|iPhone
		{66D079B5-D512-41A7-A9C4-153C3E38C366}.Release|iPhoneSimulator.ActiveCfg = Release|iPhoneSimulator
		{66D079B5-D512-41A7-A9C4-153C3E38C366}.Release|iPhoneSimulator.Build.0 = Release|iPhoneSimulator
		{66D079B5-D512-41A7-A9C4-153C3E38C366}.Release|x64.ActiveCfg = Release|iPhone
		{66D079B5-D512-41A7-A9C4-153C3E38C366}.Release|x86.ActiveCfg = Release|iPhone
		{6E934B94-D7E0-4FF1-8916-BB6DE0054F61}.Ad-Hoc|Any CPU.ActiveCfg = Release|x86
		{6E934B94-D7E0-4FF1-8916-BB6DE0054F61}.Ad-Hoc|Any CPU.Build.0 = Release|x86
		{6E934B94-D7E0-4FF1-8916-BB6DE0054F61}.Ad-Hoc|Any CPU.Deploy.0 = Release|x86
		{6E934B94-D7E0-4FF1-8916-BB6DE0054F61}.Ad-Hoc|ARM.ActiveCfg = Release|ARM
		{6E934B94-D7E0-4FF1-8916-BB6DE0054F61}.Ad-Hoc|ARM.Build.0 = Release|ARM
		{6E934B94-D7E0-4FF1-8916-BB6DE0054F61}.Ad-Hoc|ARM.Deploy.0 = Release|ARM
		{6E934B94-D7E0-4FF1-8916-BB6DE0054F61}.Ad-Hoc|iPhone.ActiveCfg = Release|x86
		{6E934B94-D7E0-4FF1-8916-BB6DE0054F61}.Ad-Hoc|iPhone.Build.0 = Release|x86
		{6E934B94-D7E0-4FF1-8916-BB6DE0054F61}.Ad-Hoc|iPhone.Deploy.0 = Release|x86
		{6E934B94-D7E0-4FF1-8916-BB6DE0054F61}.Ad-Hoc|iPhoneSimulator.ActiveCfg = Release|x86
		{6E934B94-D7E0-4FF1-8916-BB6DE0054F61}.Ad-Hoc|iPhoneSimulator.Build.0 = Release|x86
		{6E934B94-D7E0-4FF1-8916-BB6DE0054F61}.Ad-Hoc|iPhoneSimulator.Deploy.0 = Release|x86
		{6E934B94-D7E0-4FF1-8916-BB6DE0054F61}.Ad-Hoc|x64.ActiveCfg = Release|x64
		{6E934B94-D7E0-4FF1-8916-BB6DE0054F61}.Ad-Hoc|x64.Build.0 = Release|x64
		{6E934B94-D7E0-4FF1-8916-BB6DE0054F61}.Ad-Hoc|x64.Deploy.0 = Release|x64
		{6E934B94-D7E0-4FF1-8916-BB6DE0054F61}.Ad-Hoc|x86.ActiveCfg = Release|x86
		{6E934B94-D7E0-4FF1-8916-BB6DE0054F61}.Ad-Hoc|x86.Build.0 = Release|x86
		{6E934B94-D7E0-4FF1-8916-BB6DE0054F61}.Ad-Hoc|x86.Deploy.0 = Release|x86
		{6E934B94-D7E0-4FF1-8916-BB6DE0054F61}.AppStore|Any CPU.ActiveCfg = Release|x86
		{6E934B94-D7E0-4FF1-8916-BB6DE0054F61}.AppStore|Any CPU.Build.0 = Release|x86
		{6E934B94-D7E0-4FF1-8916-BB6DE0054F61}.AppStore|Any CPU.Deploy.0 = Release|x86
		{6E934B94-D7E0-4FF1-8916-BB6DE0054F61}.AppStore|ARM.ActiveCfg = Release|ARM
		{6E934B94-D7E0-4FF1-8916-BB6DE0054F61}.AppStore|ARM.Build.0 = Release|ARM
		{6E934B94-D7E0-4FF1-8916-BB6DE0054F61}.AppStore|ARM.Deploy.0 = Release|ARM
		{6E934B94-D7E0-4FF1-8916-BB6DE0054F61}.AppStore|iPhone.ActiveCfg = Release|x86
		{6E934B94-D7E0-4FF1-8916-BB6DE0054F61}.AppStore|iPhone.Build.0 = Release|x86
		{6E934B94-D7E0-4FF1-8916-BB6DE0054F61}.AppStore|iPhone.Deploy.0 = Release|x86
		{6E934B94-D7E0-4FF1-8916-BB6DE0054F61}.AppStore|iPhoneSimulator.ActiveCfg = Release|x86
		{6E934B94-D7E0-4FF1-8916-BB6DE0054F61}.AppStore|iPhoneSimulator.Build.0 = Release|x86
		{6E934B94-D7E0-4FF1-8916-BB6DE0054F61}.AppStore|iPhoneSimulator.Deploy.0 = Release|x86
		{6E934B94-D7E0-4FF1-8916-BB6DE0054F61}.AppStore|x64.ActiveCfg = Release|x64
		{6E934B94-D7E0-4FF1-8916-BB6DE0054F61}.AppStore|x64.Build.0 = Release|x64
		{6E934B94-D7E0-4FF1-8916-BB6DE0054F61}.AppStore|x64.Deploy.0 = Release|x64
		{6E934B94-D7E0-4FF1-8916-BB6DE0054F61}.AppStore|x86.ActiveCfg = Release|x86
		{6E934B94-D7E0-4FF1-8916-BB6DE0054F61}.AppStore|x86.Build.0 = Release|x86
		{6E934B94-D7E0-4FF1-8916-BB6DE0054F61}.AppStore|x86.Deploy.0 = Release|x86
		{6E934B94-D7E0-4FF1-8916-BB6DE0054F61}.Debug|Any CPU.ActiveCfg = Debug|x86
		{6E934B94-D7E0-4FF1-8916-BB6DE0054F61}.Debug|ARM.ActiveCfg = Debug|ARM
		{6E934B94-D7E0-4FF1-8916-BB6DE0054F61}.Debug|ARM.Build.0 = Debug|ARM
		{6E934B94-D7E0-4FF1-8916-BB6DE0054F61}.Debug|ARM.Deploy.0 = Debug|ARM
		{6E934B94-D7E0-4FF1-8916-BB6DE0054F61}.Debug|iPhone.ActiveCfg = Debug|x86
		{6E934B94-D7E0-4FF1-8916-BB6DE0054F61}.Debug|iPhoneSimulator.ActiveCfg = Debug|x86
		{6E934B94-D7E0-4FF1-8916-BB6DE0054F61}.Debug|x64.ActiveCfg = Debug|x64
		{6E934B94-D7E0-4FF1-8916-BB6DE0054F61}.Debug|x64.Build.0 = Debug|x64
		{6E934B94-D7E0-4FF1-8916-BB6DE0054F61}.Debug|x64.Deploy.0 = Debug|x64
		{6E934B94-D7E0-4FF1-8916-BB6DE0054F61}.Debug|x86.ActiveCfg = Debug|x86
		{6E934B94-D7E0-4FF1-8916-BB6DE0054F61}.Debug|x86.Build.0 = Debug|x86
		{6E934B94-D7E0-4FF1-8916-BB6DE0054F61}.Debug|x86.Deploy.0 = Debug|x86
		{6E934B94-D7E0-4FF1-8916-BB6DE0054F61}.Release|Any CPU.ActiveCfg = Release|x86
		{6E934B94-D7E0-4FF1-8916-BB6DE0054F61}.Release|ARM.ActiveCfg = Release|ARM
		{6E934B94-D7E0-4FF1-8916-BB6DE0054F61}.Release|ARM.Build.0 = Release|ARM
		{6E934B94-D7E0-4FF1-8916-BB6DE0054F61}.Release|ARM.Deploy.0 = Release|ARM
		{6E934B94-D7E0-4FF1-8916-BB6DE0054F61}.Release|iPhone.ActiveCfg = Release|x86
		{6E934B94-D7E0-4FF1-8916-BB6DE0054F61}.Release|iPhoneSimulator.ActiveCfg = Release|x86
		{6E934B94-D7E0-4FF1-8916-BB6DE0054F61}.Release|x64.ActiveCfg = Release|x64
		{6E934B94-D7E0-4FF1-8916-BB6DE0054F61}.Release|x64.Build.0 = Release|x64
		{6E934B94-D7E0-4FF1-8916-BB6DE0054F61}.Release|x64.Deploy.0 = Release|x64
		{6E934B94-D7E0-4FF1-8916-BB6DE0054F61}.Release|x86.ActiveCfg = Release|x86
		{6E934B94-D7E0-4FF1-8916-BB6DE0054F61}.Release|x86.Build.0 = Release|x86
		{6E934B94-D7E0-4FF1-8916-BB6DE0054F61}.Release|x86.Deploy.0 = Release|x86
		{9E5476A0-E4C1-4414-9B0E-9E20BCD9ADB7}.Ad-Hoc|Any CPU.ActiveCfg = Debug|Any CPU
		{9E5476A0-E4C1-4414-9B0E-9E20BCD9ADB7}.Ad-Hoc|Any CPU.Build.0 = Debug|Any CPU
		{9E5476A0-E4C1-4414-9B0E-9E20BCD9ADB7}.Ad-Hoc|ARM.ActiveCfg = Debug|Any CPU
		{9E5476A0-E4C1-4414-9B0E-9E20BCD9ADB7}.Ad-Hoc|ARM.Build.0 = Debug|Any CPU
		{9E5476A0-E4C1-4414-9B0E-9E20BCD9ADB7}.Ad-Hoc|iPhone.ActiveCfg = Debug|Any CPU
		{9E5476A0-E4C1-4414-9B0E-9E20BCD9ADB7}.Ad-Hoc|iPhone.Build.0 = Debug|Any CPU
		{9E5476A0-E4C1-4414-9B0E-9E20BCD9ADB7}.Ad-Hoc|iPhoneSimulator.ActiveCfg = Debug|Any CPU
		{9E5476A0-E4C1-4414-9B0E-9E20BCD9ADB7}.Ad-Hoc|iPhoneSimulator.Build.0 = Debug|Any CPU
		{9E5476A0-E4C1-4414-9B0E-9E20BCD9ADB7}.Ad-Hoc|x64.ActiveCfg = Debug|Any CPU
		{9E5476A0-E4C1-4414-9B0E-9E20BCD9ADB7}.Ad-Hoc|x64.Build.0 = Debug|Any CPU
		{9E5476A0-E4C1-4414-9B0E-9E20BCD9ADB7}.Ad-Hoc|x86.ActiveCfg = Debug|Any CPU
		{9E5476A0-E4C1-4414-9B0E-9E20BCD9ADB7}.Ad-Hoc|x86.Build.0 = Debug|Any CPU
		{9E5476A0-E4C1-4414-9B0E-9E20BCD9ADB7}.AppStore|Any CPU.ActiveCfg = Debug|Any CPU
		{9E5476A0-E4C1-4414-9B0E-9E20BCD9ADB7}.AppStore|Any CPU.Build.0 = Debug|Any CPU
		{9E5476A0-E4C1-4414-9B0E-9E20BCD9ADB7}.AppStore|ARM.ActiveCfg = Debug|Any CPU
		{9E5476A0-E4C1-4414-9B0E-9E20BCD9ADB7}.AppStore|ARM.Build.0 = Debug|Any CPU
		{9E5476A0-E4C1-4414-9B0E-9E20BCD9ADB7}.AppStore|iPhone.ActiveCfg = Debug|Any CPU
		{9E5476A0-E4C1-4414-9B0E-9E20BCD9ADB7}.AppStore|iPhone.Build.0 = Debug|Any CPU
		{9E5476A0-E4C1-4414-9B0E-9E20BCD9ADB7}.AppStore|iPhoneSimulator.ActiveCfg = Debug|Any CPU
		{9E5476A0-E4C1-4414-9B0E-9E20BCD9ADB7}.AppStore|iPhoneSimulator.Build.0 = Debug|Any CPU
		{9E5476A0-E4C1-4414-9B0E-9E20BCD9ADB7}.AppStore|x64.ActiveCfg = Debug|Any CPU
		{9E5476A0-E4C1-4414-9B0E-9E20BCD9ADB7}.AppStore|x64.Build.0 = Debug|Any CPU
		{9E5476A0-E4C1-4414-9B0E-9E20BCD9ADB7}.AppStore|x86.ActiveCfg = Debug|Any CPU
		{9E5476A0-E4C1-4414-9B0E-9E20BCD9ADB7}.AppStore|x86.Build.0 = Debug|Any CPU
		{9E5476A0-E4C1-4414-9B0E-9E20BCD9ADB7}.Debug|Any CPU.ActiveCfg = Debug|Any CPU
		{9E5476A0-E4C1-4414-9B0E-9E20BCD9ADB7}.Debug|Any CPU.Build.0 = Debug|Any CPU
		{9E5476A0-E4C1-4414-9B0E-9E20BCD9ADB7}.Debug|ARM.ActiveCfg = Debug|Any CPU
		{9E5476A0-E4C1-4414-9B0E-9E20BCD9ADB7}.Debug|ARM.Build.0 = Debug|Any CPU
		{9E5476A0-E4C1-4414-9B0E-9E20BCD9ADB7}.Debug|iPhone.ActiveCfg = Debug|Any CPU
		{9E5476A0-E4C1-4414-9B0E-9E20BCD9ADB7}.Debug|iPhone.Build.0 = Debug|Any CPU
		{9E5476A0-E4C1-4414-9B0E-9E20BCD9ADB7}.Debug|iPhoneSimulator.ActiveCfg = Debug|Any CPU
		{9E5476A0-E4C1-4414-9B0E-9E20BCD9ADB7}.Debug|iPhoneSimulator.Build.0 = Debug|Any CPU
		{9E5476A0-E4C1-4414-9B0E-9E20BCD9ADB7}.Debug|x64.ActiveCfg = Debug|Any CPU
		{9E5476A0-E4C1-4414-9B0E-9E20BCD9ADB7}.Debug|x64.Build.0 = Debug|Any CPU
		{9E5476A0-E4C1-4414-9B0E-9E20BCD9ADB7}.Debug|x86.ActiveCfg = Debug|Any CPU
		{9E5476A0-E4C1-4414-9B0E-9E20BCD9ADB7}.Debug|x86.Build.0 = Debug|Any CPU
		{9E5476A0-E4C1-4414-9B0E-9E20BCD9ADB7}.Release|Any CPU.ActiveCfg = Release|Any CPU
		{9E5476A0-E4C1-4414-9B0E-9E20BCD9ADB7}.Release|Any CPU.Build.0 = Release|Any CPU
		{9E5476A0-E4C1-4414-9B0E-9E20BCD9ADB7}.Release|ARM.ActiveCfg = Release|Any CPU
		{9E5476A0-E4C1-4414-9B0E-9E20BCD9ADB7}.Release|ARM.Build.0 = Release|Any CPU
		{9E5476A0-E4C1-4414-9B0E-9E20BCD9ADB7}.Release|iPhone.ActiveCfg = Release|Any CPU
		{9E5476A0-E4C1-4414-9B0E-9E20BCD9ADB7}.Release|iPhone.Build.0 = Release|Any CPU
		{9E5476A0-E4C1-4414-9B0E-9E20BCD9ADB7}.Release|iPhoneSimulator.ActiveCfg = Release|Any CPU
		{9E5476A0-E4C1-4414-9B0E-9E20BCD9ADB7}.Release|iPhoneSimulator.Build.0 = Release|Any CPU
		{9E5476A0-E4C1-4414-9B0E-9E20BCD9ADB7}.Release|x64.ActiveCfg = Release|Any CPU
		{9E5476A0-E4C1-4414-9B0E-9E20BCD9ADB7}.Release|x64.Build.0 = Release|Any CPU
		{9E5476A0-E4C1-4414-9B0E-9E20BCD9ADB7}.Release|x86.ActiveCfg = Release|Any CPU
		{9E5476A0-E4C1-4414-9B0E-9E20BCD9ADB7}.Release|x86.Build.0 = Release|Any CPU
	EndGlobalSection
	GlobalSection(SolutionProperties) = preSolution
		HideSolutionNode = FALSE
	EndGlobalSection
	GlobalSection(ExtensibilityGlobals) = postSolution
		SolutionGuid = {37139D19-206C-406A-96D9-594899E6FB57}
	EndGlobalSection
EndGlobal
